{
  "version": "5",
  "specifiers": {
    "jsr:@kiritaniayaka/fetcha@*": "0.1.1",
    "jsr:@std/assert@*": "1.0.11",
    "jsr:@std/assert@1.0.16": "1.0.16",
    "jsr:@std/internal@^1.0.12": "1.0.12",
    "jsr:@std/internal@^1.0.5": "1.0.5"
  },
  "jsr": {
    "@kiritaniayaka/fetcha@0.1.1": {
      "integrity": "e045713d4dbd43ff4dca2ee2944701f78205eb2e27ffedbc744bc35e2dc432ea"
    },
    "@std/assert@1.0.11": {
      "integrity": "2461ef3c368fe88bc60e186e7744a93112f16fd110022e113a0849e94d1c83c1",
      "dependencies": [
        "jsr:@std/internal@^1.0.5"
      ]
    },
    "@std/assert@1.0.16": {
      "integrity": "6a7272ed1eaa77defe76e5ff63ca705d9c495077e2d5fd0126d2b53fc5bd6532",
      "dependencies": [
        "jsr:@std/internal@^1.0.12"
      ]
    },
    "@std/internal@1.0.5": {
      "integrity": "54a546004f769c1ac9e025abd15a76b6671ddc9687e2313b67376125650dc7ba"
    },
    "@std/internal@1.0.12": {
      "integrity": "972a634fd5bc34b242024402972cd5143eac68d8dffaca5eaa4dba30ce17b027"
    }
  },
  "workspace": {
    "dependencies": [
      "jsr:@std/assert@1.0.16"
    ]
  }
}
